
Microsoft Visual Studio Solution File, Format Version 12.00
# Visual Studio Version 17
VisualStudioVersion = 17.8.34525.116
MinimumVisualStudioVersion = 10.0.40219.1
Project("{FAE04EC0-301F-11D3-BF4B-00C04F79EFBC}") = "BloodBankAPI_Assign", "BloodBankAPI_Assign.csproj", "{4C2C596A-8EED-4989-8FA4-CEF3A49CA220}"
EndProject
Global
	GlobalSection(SolutionConfigurationPlatforms) = preSolution
		Debug|Any CPU = Debug|Any CPU
		Release|Any CPU = Release|Any CPU
	EndGlobalSection
	GlobalSection(ProjectConfigurationPlatforms) = postSolution
		{4C2C596A-8EED-4989-8FA4-CEF3A49CA220}.Debug|Any CPU.ActiveCfg = Debug|Any CPU
		{4C2C596A-8EED-4989-8FA4-CEF3A49CA220}.Debug|Any CPU.Build.0 = Debug|Any CPU
		{4C2C596A-8EED-4989-8FA4-CEF3A49CA220}.Release|Any CPU.ActiveCfg = Release|Any CPU
		{4C2C596A-8EED-4989-8FA4-CEF3A49CA220}.Release|Any CPU.Build.0 = Release|Any CPU
	EndGlobalSection
	GlobalSection(SolutionProperties) = preSolution
		HideSolutionNode = FALSE
	EndGlobalSection
	GlobalSection(ExtensibilityGlobals) = postSolution
		SolutionGuid = {C063ED0F-9B6E-41C3-A65F-A17DCC0D8201}
	EndGlobalSection
EndGlobal
